
Microsoft Visual Studio Solution File, Format Version 12.00
# Visual Studio Version 17
VisualStudioVersion = 17.2.32519.379
MinimumVisualStudioVersion = 10.0.40219.1
Project("{FAE04EC0-301F-11D3-BF4B-00C04F79EFBC}") = "ConsoleApp1", "ConsoleApp1\ConsoleApp1.csproj", "{769C887B-EBBF-4DFB-AA4C-406AB7C221D5}"
EndProject
Global
	GlobalSection(SolutionConfigurationPlatforms) = preSolution
		Debug|Any CPU = Debug|Any CPU
		Release|Any CPU = Release|Any CPU
	EndGlobalSection
	GlobalSection(ProjectConfigurationPlatforms) = postSolution
		{769C887B-EBBF-4DFB-AA4C-406AB7C221D5}.Debug|Any CPU.ActiveCfg = Debug|Any CPU
		{769C887B-EBBF-4DFB-AA4C-406AB7C221D5}.Debug|Any CPU.Build.0 = Debug|Any CPU
		{769C887B-EBBF-4DFB-AA4C-406AB7C221D5}.Release|Any CPU.ActiveCfg = Release|Any CPU
		{769C887B-EBBF-4DFB-AA4C-406AB7C221D5}.Release|Any CPU.Build.0 = Release|Any CPU
	EndGlobalSection
	GlobalSection(SolutionProperties) = preSolution
		HideSolutionNode = FALSE
	EndGlobalSection
	GlobalSection(ExtensibilityGlobals) = postSolution
		SolutionGuid = {109E5182-B2E5-4BA5-BE19-9C013397DAB1}
	EndGlobalSection
EndGlobal
